
Microsoft Visual Studio Solution File, Format Version 12.00
# Visual Studio Version 16
VisualStudioVersion = 16.0.29509.3
MinimumVisualStudioVersion = 10.0.40219.1
Project("{2150E333-8FDC-42A3-9474-1A3956D46DE8}") = "1.Domain", "1.Domain", "{B31EA6F9-A2DA-482F-9F69-77C9F1CC06CC}"
EndProject
Project("{2150E333-8FDC-42A3-9474-1A3956D46DE8}") = "2.Business", "2.Business", "{17159DBB-691A-45E7-8699-BBC0BAFF1D8F}"
EndProject
Project("{2150E333-8FDC-42A3-9474-1A3956D46DE8}") = "5.Database", "5.Database", "{DC80016B-39D5-47F7-AA5D-2CE1A0163B3D}"
EndProject
Project("{2150E333-8FDC-42A3-9474-1A3956D46DE8}") = "6.IdentityServer", "6.IdentityServer", "{1C239909-0098-4B21-90CA-079B0ECAC950}"
EndProject
Project("{2150E333-8FDC-42A3-9474-1A3956D46DE8}") = "4.WebApi", "4.WebApi", "{D411CC72-DAE9-4471-8BD2-B1AB0A5B3C05}"
EndProject
Project("{9A19103F-16F7-4668-BE54-9A1E7A4F7556}") = "WebClient", "src\4.Web\WebClient\WebClient.csproj", "{56FF7359-433E-4C79-BE4D-AEDD422841F5}"
EndProject
Project("{9A19103F-16F7-4668-BE54-9A1E7A4F7556}") = "ApiController", "src\4.Web\ApiController\ApiController.csproj", "{B4A65E22-3160-41D2-A1B6-C29695A8B084}"
EndProject
Project("{9A19103F-16F7-4668-BE54-9A1E7A4F7556}") = "Database.SqlServer", "src\5.Database\Database.SqlServer\Database.SqlServer.csproj", "{B5CBF9D3-D567-4A77-A897-ADF2F7623CBE}"
EndProject
Project("{9A19103F-16F7-4668-BE54-9A1E7A4F7556}") = "Domain.Services", "src\1.Domain\Domain.Services\Domain.Services.csproj", "{D2FF1453-6B8D-4193-860C-EB5F60CBE550}"
EndProject
Project("{2150E333-8FDC-42A3-9474-1A3956D46DE8}") = "3.Shared", "3.Shared", "{D045AF00-946D-44DE-B88E-0AE83F575265}"
EndProject
Project("{9A19103F-16F7-4668-BE54-9A1E7A4F7556}") = "IdentityServer.Services", "src\6.IdentityServer\IdentityServer.Services\IdentityServer.Services.csproj", "{9EAB50EF-992E-4482-8E66-50032BE49D36}"
EndProject
Project("{9A19103F-16F7-4668-BE54-9A1E7A4F7556}") = "Domain.Core", "src\1.Domain\Domain.Core\Domain.Core.csproj", "{1FA8D553-057D-4682-AF5F-29CCFBD2CD39}"
EndProject
Project("{9A19103F-16F7-4668-BE54-9A1E7A4F7556}") = "IdentityServer.Core", "src\6.IdentityServer\IdentityServer.Core\IdentityServer.Core.csproj", "{EB636D77-BB00-42DC-91CE-2A617529FBDA}"
EndProject
Project("{2150E333-8FDC-42A3-9474-1A3956D46DE8}") = "6.1.Database", "6.1.Database", "{C37A9662-F76F-4B54-847B-A40D29103A38}"
EndProject
Project("{9A19103F-16F7-4668-BE54-9A1E7A4F7556}") = "Business.Tests", "src\2.Business\Business.Tests\Business.Tests.csproj", "{517367D7-389C-4F5B-856F-2B992C570B88}"
EndProject
Project("{9A19103F-16F7-4668-BE54-9A1E7A4F7556}") = "Domain.Tests", "src\1.Domain\Domain.Tests\Domain.Tests.csproj", "{6A9329C8-C62C-4FAC-AB15-4A5A943B2AD2}"
EndProject
Project("{9A19103F-16F7-4668-BE54-9A1E7A4F7556}") = "Business.Services", "src\2.Business\Business.Services\Business.Services.csproj", "{84DEA9E2-D07E-4D9C-8912-F01BE9FA28A7}"
EndProject
Project("{9A19103F-16F7-4668-BE54-9A1E7A4F7556}") = "IdentityServer.Web", "src\6.IdentityServer\IdentityServer.Web\IdentityServer.Web.csproj", "{64B4C5CE-D5A3-4769-9454-C128F93462E7}"
EndProject
Project("{9A19103F-16F7-4668-BE54-9A1E7A4F7556}") = "IdentityServer.Database.SqlServer", "src\6.IdentityServer\IdentityServer.Database\IdentityServer.Database.SqlServer\IdentityServer.Database.SqlServer.csproj", "{938ADAE8-200A-4C95-BFE1-A1F441DF1397}"
EndProject
Project("{9A19103F-16F7-4668-BE54-9A1E7A4F7556}") = "Rules", "src\3.Shared\Rules\Rules.csproj", "{9510850E-9713-459F-9A26-4A2320718C73}"
EndProject
Project("{9A19103F-16F7-4668-BE54-9A1E7A4F7556}") = "IdentityServer.Database.SQLite", "src\6.IdentityServer\IdentityServer.Database\IdentityServer.Database.Sqlite\IdentityServer.Database.SQLite.csproj", "{1FB61DA2-8F23-4C2D-94AF-3AAC033B159F}"
EndProject
Project("{9A19103F-16F7-4668-BE54-9A1E7A4F7556}") = "Database.SQLite", "src\5.Database\Database.Sqlite\Database.SQLite.csproj", "{7DBAB006-955C-4914-9A45-F12867AA0D83}"
EndProject
Global
	GlobalSection(SolutionConfigurationPlatforms) = preSolution
		Debug|Any CPU = Debug|Any CPU
		Release|Any CPU = Release|Any CPU
	EndGlobalSection
	GlobalSection(ProjectConfigurationPlatforms) = postSolution
		{56FF7359-433E-4C79-BE4D-AEDD422841F5}.Debug|Any CPU.ActiveCfg = Debug|Any CPU
		{56FF7359-433E-4C79-BE4D-AEDD422841F5}.Debug|Any CPU.Build.0 = Debug|Any CPU
		{56FF7359-433E-4C79-BE4D-AEDD422841F5}.Release|Any CPU.ActiveCfg = Release|Any CPU
		{56FF7359-433E-4C79-BE4D-AEDD422841F5}.Release|Any CPU.Build.0 = Release|Any CPU
		{B4A65E22-3160-41D2-A1B6-C29695A8B084}.Debug|Any CPU.ActiveCfg = Debug|Any CPU
		{B4A65E22-3160-41D2-A1B6-C29695A8B084}.Debug|Any CPU.Build.0 = Debug|Any CPU
		{B4A65E22-3160-41D2-A1B6-C29695A8B084}.Release|Any CPU.ActiveCfg = Release|Any CPU
		{B4A65E22-3160-41D2-A1B6-C29695A8B084}.Release|Any CPU.Build.0 = Release|Any CPU
		{B5CBF9D3-D567-4A77-A897-ADF2F7623CBE}.Debug|Any CPU.ActiveCfg = Debug|Any CPU
		{B5CBF9D3-D567-4A77-A897-ADF2F7623CBE}.Debug|Any CPU.Build.0 = Debug|Any CPU
		{B5CBF9D3-D567-4A77-A897-ADF2F7623CBE}.Release|Any CPU.ActiveCfg = Release|Any CPU
		{B5CBF9D3-D567-4A77-A897-ADF2F7623CBE}.Release|Any CPU.Build.0 = Release|Any CPU
		{D2FF1453-6B8D-4193-860C-EB5F60CBE550}.Debug|Any CPU.ActiveCfg = Debug|Any CPU
		{D2FF1453-6B8D-4193-860C-EB5F60CBE550}.Debug|Any CPU.Build.0 = Debug|Any CPU
		{D2FF1453-6B8D-4193-860C-EB5F60CBE550}.Release|Any CPU.ActiveCfg = Release|Any CPU
		{D2FF1453-6B8D-4193-860C-EB5F60CBE550}.Release|Any CPU.Build.0 = Release|Any CPU
		{9EAB50EF-992E-4482-8E66-50032BE49D36}.Debug|Any CPU.ActiveCfg = Debug|Any CPU
		{9EAB50EF-992E-4482-8E66-50032BE49D36}.Debug|Any CPU.Build.0 = Debug|Any CPU
		{9EAB50EF-992E-4482-8E66-50032BE49D36}.Release|Any CPU.ActiveCfg = Release|Any CPU
		{9EAB50EF-992E-4482-8E66-50032BE49D36}.Release|Any CPU.Build.0 = Release|Any CPU
		{1FA8D553-057D-4682-AF5F-29CCFBD2CD39}.Debug|Any CPU.ActiveCfg = Debug|Any CPU
		{1FA8D553-057D-4682-AF5F-29CCFBD2CD39}.Debug|Any CPU.Build.0 = Debug|Any CPU
		{1FA8D553-057D-4682-AF5F-29CCFBD2CD39}.Release|Any CPU.ActiveCfg = Release|Any CPU
		{1FA8D553-057D-4682-AF5F-29CCFBD2CD39}.Release|Any CPU.Build.0 = Release|Any CPU
		{EB636D77-BB00-42DC-91CE-2A617529FBDA}.Debug|Any CPU.ActiveCfg = Debug|Any CPU
		{EB636D77-BB00-42DC-91CE-2A617529FBDA}.Debug|Any CPU.Build.0 = Debug|Any CPU
		{EB636D77-BB00-42DC-91CE-2A617529FBDA}.Release|Any CPU.ActiveCfg = Release|Any CPU
		{EB636D77-BB00-42DC-91CE-2A617529FBDA}.Release|Any CPU.Build.0 = Release|Any CPU
		{517367D7-389C-4F5B-856F-2B992C570B88}.Debug|Any CPU.ActiveCfg = Debug|Any CPU
		{517367D7-389C-4F5B-856F-2B992C570B88}.Debug|Any CPU.Build.0 = Debug|Any CPU
		{517367D7-389C-4F5B-856F-2B992C570B88}.Release|Any CPU.ActiveCfg = Release|Any CPU
		{517367D7-389C-4F5B-856F-2B992C570B88}.Release|Any CPU.Build.0 = Release|Any CPU
		{6A9329C8-C62C-4FAC-AB15-4A5A943B2AD2}.Debug|Any CPU.ActiveCfg = Debug|Any CPU
		{6A9329C8-C62C-4FAC-AB15-4A5A943B2AD2}.Debug|Any CPU.Build.0 = Debug|Any CPU
		{6A9329C8-C62C-4FAC-AB15-4A5A943B2AD2}.Release|Any CPU.ActiveCfg = Release|Any CPU
		{6A9329C8-C62C-4FAC-AB15-4A5A943B2AD2}.Release|Any CPU.Build.0 = Release|Any CPU
		{84DEA9E2-D07E-4D9C-8912-F01BE9FA28A7}.Debug|Any CPU.ActiveCfg = Debug|Any CPU
		{84DEA9E2-D07E-4D9C-8912-F01BE9FA28A7}.Debug|Any CPU.Build.0 = Debug|Any CPU
		{84DEA9E2-D07E-4D9C-8912-F01BE9FA28A7}.Release|Any CPU.ActiveCfg = Release|Any CPU
		{84DEA9E2-D07E-4D9C-8912-F01BE9FA28A7}.Release|Any CPU.Build.0 = Release|Any CPU
		{64B4C5CE-D5A3-4769-9454-C128F93462E7}.Debug|Any CPU.ActiveCfg = Debug|Any CPU
		{64B4C5CE-D5A3-4769-9454-C128F93462E7}.Debug|Any CPU.Build.0 = Debug|Any CPU
		{64B4C5CE-D5A3-4769-9454-C128F93462E7}.Release|Any CPU.ActiveCfg = Release|Any CPU
		{64B4C5CE-D5A3-4769-9454-C128F93462E7}.Release|Any CPU.Build.0 = Release|Any CPU
		{938ADAE8-200A-4C95-BFE1-A1F441DF1397}.Debug|Any CPU.ActiveCfg = Debug|Any CPU
		{938ADAE8-200A-4C95-BFE1-A1F441DF1397}.Debug|Any CPU.Build.0 = Debug|Any CPU
		{938ADAE8-200A-4C95-BFE1-A1F441DF1397}.Release|Any CPU.ActiveCfg = Release|Any CPU
		{938ADAE8-200A-4C95-BFE1-A1F441DF1397}.Release|Any CPU.Build.0 = Release|Any CPU
		{9510850E-9713-459F-9A26-4A2320718C73}.Debug|Any CPU.ActiveCfg = Debug|Any CPU
		{9510850E-9713-459F-9A26-4A2320718C73}.Debug|Any CPU.Build.0 = Debug|Any CPU
		{9510850E-9713-459F-9A26-4A2320718C73}.Release|Any CPU.ActiveCfg = Release|Any CPU
		{9510850E-9713-459F-9A26-4A2320718C73}.Release|Any CPU.Build.0 = Release|Any CPU
		{1FB61DA2-8F23-4C2D-94AF-3AAC033B159F}.Debug|Any CPU.ActiveCfg = Debug|Any CPU
		{1FB61DA2-8F23-4C2D-94AF-3AAC033B159F}.Debug|Any CPU.Build.0 = Debug|Any CPU
		{1FB61DA2-8F23-4C2D-94AF-3AAC033B159F}.Release|Any CPU.ActiveCfg = Release|Any CPU
		{1FB61DA2-8F23-4C2D-94AF-3AAC033B159F}.Release|Any CPU.Build.0 = Release|Any CPU
		{7DBAB006-955C-4914-9A45-F12867AA0D83}.Debug|Any CPU.ActiveCfg = Debug|Any CPU
		{7DBAB006-955C-4914-9A45-F12867AA0D83}.Debug|Any CPU.Build.0 = Debug|Any CPU
		{7DBAB006-955C-4914-9A45-F12867AA0D83}.Release|Any CPU.ActiveCfg = Release|Any CPU
		{7DBAB006-955C-4914-9A45-F12867AA0D83}.Release|Any CPU.Build.0 = Release|Any CPU
	EndGlobalSection
	GlobalSection(SolutionProperties) = preSolution
		HideSolutionNode = FALSE
	EndGlobalSection
	GlobalSection(NestedProjects) = preSolution
		{56FF7359-433E-4C79-BE4D-AEDD422841F5} = {D411CC72-DAE9-4471-8BD2-B1AB0A5B3C05}
		{B4A65E22-3160-41D2-A1B6-C29695A8B084} = {D411CC72-DAE9-4471-8BD2-B1AB0A5B3C05}
		{B5CBF9D3-D567-4A77-A897-ADF2F7623CBE} = {DC80016B-39D5-47F7-AA5D-2CE1A0163B3D}
		{D2FF1453-6B8D-4193-860C-EB5F60CBE550} = {B31EA6F9-A2DA-482F-9F69-77C9F1CC06CC}
		{9EAB50EF-992E-4482-8E66-50032BE49D36} = {1C239909-0098-4B21-90CA-079B0ECAC950}
		{1FA8D553-057D-4682-AF5F-29CCFBD2CD39} = {B31EA6F9-A2DA-482F-9F69-77C9F1CC06CC}
		{EB636D77-BB00-42DC-91CE-2A617529FBDA} = {1C239909-0098-4B21-90CA-079B0ECAC950}
		{C37A9662-F76F-4B54-847B-A40D29103A38} = {1C239909-0098-4B21-90CA-079B0ECAC950}
		{517367D7-389C-4F5B-856F-2B992C570B88} = {17159DBB-691A-45E7-8699-BBC0BAFF1D8F}
		{6A9329C8-C62C-4FAC-AB15-4A5A943B2AD2} = {B31EA6F9-A2DA-482F-9F69-77C9F1CC06CC}
		{84DEA9E2-D07E-4D9C-8912-F01BE9FA28A7} = {17159DBB-691A-45E7-8699-BBC0BAFF1D8F}
		{64B4C5CE-D5A3-4769-9454-C128F93462E7} = {1C239909-0098-4B21-90CA-079B0ECAC950}
		{938ADAE8-200A-4C95-BFE1-A1F441DF1397} = {C37A9662-F76F-4B54-847B-A40D29103A38}
		{9510850E-9713-459F-9A26-4A2320718C73} = {D045AF00-946D-44DE-B88E-0AE83F575265}
		{1FB61DA2-8F23-4C2D-94AF-3AAC033B159F} = {C37A9662-F76F-4B54-847B-A40D29103A38}
		{7DBAB006-955C-4914-9A45-F12867AA0D83} = {DC80016B-39D5-47F7-AA5D-2CE1A0163B3D}
	EndGlobalSection
	GlobalSection(ExtensibilityGlobals) = postSolution
		SolutionGuid = {D42C0EE6-E0A7-4145-9C76-A2280B5696C5}
	EndGlobalSection
EndGlobal
